
Microsoft Visual Studio Solution File, Format Version 12.00
# Visual Studio Version 17
VisualStudioVersion = 17.7.34024.191
MinimumVisualStudioVersion = 10.0.40219.1
Project("{FAE04EC0-301F-11D3-BF4B-00C04F79EFBC}") = "tcpClient", "tcpClient\tcpClient.csproj", "{15B41A4A-4444-41C8-A0EA-9EF59D8034DC}"
EndProject
Global
	GlobalSection(SolutionConfigurationPlatforms) = preSolution
		Debug|Any CPU = Debug|Any CPU
		Release|Any CPU = Release|Any CPU
	EndGlobalSection
	GlobalSection(ProjectConfigurationPlatforms) = postSolution
		{15B41A4A-4444-41C8-A0EA-9EF59D8034DC}.Debug|Any CPU.ActiveCfg = Debug|Any CPU
		{15B41A4A-4444-41C8-A0EA-9EF59D8034DC}.Debug|Any CPU.Build.0 = Debug|Any CPU
		{15B41A4A-4444-41C8-A0EA-9EF59D8034DC}.Release|Any CPU.ActiveCfg = Release|Any CPU
		{15B41A4A-4444-41C8-A0EA-9EF59D8034DC}.Release|Any CPU.Build.0 = Release|Any CPU
	EndGlobalSection
	GlobalSection(SolutionProperties) = preSolution
		HideSolutionNode = FALSE
	EndGlobalSection
	GlobalSection(ExtensibilityGlobals) = postSolution
		SolutionGuid = {60372F31-C91E-4C6C-A941-0F4506FAE99A}
	EndGlobalSection
EndGlobal
